
Microsoft Visual Studio Solution File, Format Version 11.00
# Visual Studio 2010
Project("{FAE04EC0-301F-11D3-BF4B-00C04F79EFBC}") = "testoop2", "test\testoop2.csproj", "{CF531F5D-C849-47AE-BD45-2E084709991D}"
EndProject
Global
	GlobalSection(SolutionConfigurationPlatforms) = preSolution
		Debug|x86 = Debug|x86
		Release|x86 = Release|x86
	EndGlobalSection
	GlobalSection(ProjectConfigurationPlatforms) = postSolution
		{CF531F5D-C849-47AE-BD45-2E084709991D}.Debug|x86.ActiveCfg = Debug|x86
		{CF531F5D-C849-47AE-BD45-2E084709991D}.Debug|x86.Build.0 = Debug|x86
		{CF531F5D-C849-47AE-BD45-2E084709991D}.Release|x86.ActiveCfg = Release|x86
		{CF531F5D-C849-47AE-BD45-2E084709991D}.Release|x86.Build.0 = Release|x86
	EndGlobalSection
	GlobalSection(SolutionProperties) = preSolution
		HideSolutionNode = FALSE
	EndGlobalSection
EndGlobal
